
Microsoft Visual Studio Solution File, Format Version 12.00
# Visual Studio Version 17
VisualStudioVersion = 17.7.34202.233
MinimumVisualStudioVersion = 10.0.40219.1
Project("{FAE04EC0-301F-11D3-BF4B-00C04F79EFBC}") = "dever04", "dever04.csproj", "{5B0D2067-4327-43D9-BFF8-39A8BA0DF0F1}"
EndProject
Project("{FAE04EC0-301F-11D3-BF4B-00C04F79EFBC}") = "dever05", "..\dever05\dever05.csproj", "{78924943-1E8D-4132-8A47-0A3BEFA6D5B1}"
EndProject
Global
	GlobalSection(SolutionConfigurationPlatforms) = preSolution
		Debug|Any CPU = Debug|Any CPU
		Release|Any CPU = Release|Any CPU
	EndGlobalSection
	GlobalSection(ProjectConfigurationPlatforms) = postSolution
		{5B0D2067-4327-43D9-BFF8-39A8BA0DF0F1}.Debug|Any CPU.ActiveCfg = Debug|Any CPU
		{5B0D2067-4327-43D9-BFF8-39A8BA0DF0F1}.Debug|Any CPU.Build.0 = Debug|Any CPU
		{5B0D2067-4327-43D9-BFF8-39A8BA0DF0F1}.Release|Any CPU.ActiveCfg = Release|Any CPU
		{5B0D2067-4327-43D9-BFF8-39A8BA0DF0F1}.Release|Any CPU.Build.0 = Release|Any CPU
		{78924943-1E8D-4132-8A47-0A3BEFA6D5B1}.Debug|Any CPU.ActiveCfg = Debug|Any CPU
		{78924943-1E8D-4132-8A47-0A3BEFA6D5B1}.Debug|Any CPU.Build.0 = Debug|Any CPU
		{78924943-1E8D-4132-8A47-0A3BEFA6D5B1}.Release|Any CPU.ActiveCfg = Release|Any CPU
		{78924943-1E8D-4132-8A47-0A3BEFA6D5B1}.Release|Any CPU.Build.0 = Release|Any CPU
	EndGlobalSection
	GlobalSection(SolutionProperties) = preSolution
		HideSolutionNode = FALSE
	EndGlobalSection
	GlobalSection(ExtensibilityGlobals) = postSolution
		SolutionGuid = {3D07266E-E601-4FDF-A0F5-1CF12A134633}
	EndGlobalSection
EndGlobal
